
Microsoft Visual Studio Solution File, Format Version 12.00
# Visual Studio Version 17
VisualStudioVersion = 17.1.32407.343
MinimumVisualStudioVersion = 10.0.40219.1
Project("{9A19103F-16F7-4668-BE54-9A1E7A4F7556}") = "Client", "Client\Client.csproj", "{EF63646D-42C6-4A05-BC27-75299428D7D5}"
EndProject
Project("{9A19103F-16F7-4668-BE54-9A1E7A4F7556}") = "TestServer", "TestServer\TestServer.csproj", "{4748EB1D-C4D6-4011-B165-A8DC6393FD56}"
EndProject
Project("{2150E333-8FDC-42A3-9474-1A3956D46DE8}") = "Testing", "Testing", "{03BEFC72-3EF4-4D64-B7A3-D4E6C23BD507}"
EndProject
Project("{9A19103F-16F7-4668-BE54-9A1E7A4F7556}") = "ServerCommon", "ServerCommon\ServerCommon.csproj", "{4602D8EA-4649-49D3-B940-F154BA7A87BC}"
EndProject
Project("{2150E333-8FDC-42A3-9474-1A3956D46DE8}") = "Servers", "Servers", "{B42FA85C-66DD-4C55-AD24-DE3A9F1FCB1C}"
EndProject
Project("{2150E333-8FDC-42A3-9474-1A3956D46DE8}") = "Common", "Common", "{9768B25F-A6C0-4045-9E72-B62F822AF862}"
EndProject
Project("{9A19103F-16F7-4668-BE54-9A1E7A4F7556}") = "TestEventServer", "TestEventServer\TestEventServer.csproj", "{9C5D6CB3-FD93-4CD3-8276-2F09D8F135DE}"
EndProject
Project("{9A19103F-16F7-4668-BE54-9A1E7A4F7556}") = "EventCommon", "EventCommon\EventCommon.csproj", "{76C5AE80-F2C6-4E68-8733-7E26929A80A6}"
EndProject
Project("{9A19103F-16F7-4668-BE54-9A1E7A4F7556}") = "NetCommen", "NetCommen\NetCommen.csproj", "{573ABDBE-2F3D-46AC-8FD1-F8F72DE43364}"
EndProject
Project("{9A19103F-16F7-4668-BE54-9A1E7A4F7556}") = "ClientCommon", "ClientCommon\ClientCommon.csproj", "{08B7C921-7C60-4EA0-90AE-914FBC3F9873}"
EndProject
Project("{9A19103F-16F7-4668-BE54-9A1E7A4F7556}") = "Algo", "Algo\Algo.csproj", "{D8286249-32CB-46DA-9A7F-3A97CA16568B}"
EndProject
Project("{9A19103F-16F7-4668-BE54-9A1E7A4F7556}") = "DynamicServer", "DynamicServer\DynamicServer.csproj", "{B61C699B-2AED-4FE3-ADC2-98CB8431B6AE}"
EndProject
Project("{9A19103F-16F7-4668-BE54-9A1E7A4F7556}") = "TestCommon", "TestCommon\TestCommon.csproj", "{7EEA6FA0-8C67-4DDC-9477-E14CE038E474}"
EndProject
Project("{FAE04EC0-301F-11D3-BF4B-00C04F79EFBC}") = "PacketExtentions", "PacketExtentions\PacketExtentions.csproj", "{4F3DA5F8-0812-455E-BB94-C458EDFD907B}"
EndProject
Global
	GlobalSection(SolutionConfigurationPlatforms) = preSolution
		Debug|Any CPU = Debug|Any CPU
		Release|Any CPU = Release|Any CPU
	EndGlobalSection
	GlobalSection(ProjectConfigurationPlatforms) = postSolution
		{EF63646D-42C6-4A05-BC27-75299428D7D5}.Debug|Any CPU.ActiveCfg = Debug|Any CPU
		{EF63646D-42C6-4A05-BC27-75299428D7D5}.Debug|Any CPU.Build.0 = Debug|Any CPU
		{EF63646D-42C6-4A05-BC27-75299428D7D5}.Release|Any CPU.ActiveCfg = Release|Any CPU
		{EF63646D-42C6-4A05-BC27-75299428D7D5}.Release|Any CPU.Build.0 = Release|Any CPU
		{4748EB1D-C4D6-4011-B165-A8DC6393FD56}.Debug|Any CPU.ActiveCfg = Debug|Any CPU
		{4748EB1D-C4D6-4011-B165-A8DC6393FD56}.Debug|Any CPU.Build.0 = Debug|Any CPU
		{4748EB1D-C4D6-4011-B165-A8DC6393FD56}.Release|Any CPU.ActiveCfg = Release|Any CPU
		{4748EB1D-C4D6-4011-B165-A8DC6393FD56}.Release|Any CPU.Build.0 = Release|Any CPU
		{4602D8EA-4649-49D3-B940-F154BA7A87BC}.Debug|Any CPU.ActiveCfg = Debug|Any CPU
		{4602D8EA-4649-49D3-B940-F154BA7A87BC}.Debug|Any CPU.Build.0 = Debug|Any CPU
		{4602D8EA-4649-49D3-B940-F154BA7A87BC}.Release|Any CPU.ActiveCfg = Release|Any CPU
		{4602D8EA-4649-49D3-B940-F154BA7A87BC}.Release|Any CPU.Build.0 = Release|Any CPU
		{9C5D6CB3-FD93-4CD3-8276-2F09D8F135DE}.Debug|Any CPU.ActiveCfg = Debug|Any CPU
		{9C5D6CB3-FD93-4CD3-8276-2F09D8F135DE}.Debug|Any CPU.Build.0 = Debug|Any CPU
		{9C5D6CB3-FD93-4CD3-8276-2F09D8F135DE}.Release|Any CPU.ActiveCfg = Release|Any CPU
		{9C5D6CB3-FD93-4CD3-8276-2F09D8F135DE}.Release|Any CPU.Build.0 = Release|Any CPU
		{76C5AE80-F2C6-4E68-8733-7E26929A80A6}.Debug|Any CPU.ActiveCfg = Debug|Any CPU
		{76C5AE80-F2C6-4E68-8733-7E26929A80A6}.Debug|Any CPU.Build.0 = Debug|Any CPU
		{76C5AE80-F2C6-4E68-8733-7E26929A80A6}.Release|Any CPU.ActiveCfg = Release|Any CPU
		{76C5AE80-F2C6-4E68-8733-7E26929A80A6}.Release|Any CPU.Build.0 = Release|Any CPU
		{573ABDBE-2F3D-46AC-8FD1-F8F72DE43364}.Debug|Any CPU.ActiveCfg = Debug|Any CPU
		{573ABDBE-2F3D-46AC-8FD1-F8F72DE43364}.Debug|Any CPU.Build.0 = Debug|Any CPU
		{573ABDBE-2F3D-46AC-8FD1-F8F72DE43364}.Release|Any CPU.ActiveCfg = Release|Any CPU
		{573ABDBE-2F3D-46AC-8FD1-F8F72DE43364}.Release|Any CPU.Build.0 = Release|Any CPU
		{08B7C921-7C60-4EA0-90AE-914FBC3F9873}.Debug|Any CPU.ActiveCfg = Debug|Any CPU
		{08B7C921-7C60-4EA0-90AE-914FBC3F9873}.Debug|Any CPU.Build.0 = Debug|Any CPU
		{08B7C921-7C60-4EA0-90AE-914FBC3F9873}.Release|Any CPU.ActiveCfg = Release|Any CPU
		{08B7C921-7C60-4EA0-90AE-914FBC3F9873}.Release|Any CPU.Build.0 = Release|Any CPU
		{D8286249-32CB-46DA-9A7F-3A97CA16568B}.Debug|Any CPU.ActiveCfg = Debug|Any CPU
		{D8286249-32CB-46DA-9A7F-3A97CA16568B}.Debug|Any CPU.Build.0 = Debug|Any CPU
		{D8286249-32CB-46DA-9A7F-3A97CA16568B}.Release|Any CPU.ActiveCfg = Release|Any CPU
		{D8286249-32CB-46DA-9A7F-3A97CA16568B}.Release|Any CPU.Build.0 = Release|Any CPU
		{B61C699B-2AED-4FE3-ADC2-98CB8431B6AE}.Debug|Any CPU.ActiveCfg = Debug|Any CPU
		{B61C699B-2AED-4FE3-ADC2-98CB8431B6AE}.Debug|Any CPU.Build.0 = Debug|Any CPU
		{B61C699B-2AED-4FE3-ADC2-98CB8431B6AE}.Release|Any CPU.ActiveCfg = Release|Any CPU
		{B61C699B-2AED-4FE3-ADC2-98CB8431B6AE}.Release|Any CPU.Build.0 = Release|Any CPU
		{7EEA6FA0-8C67-4DDC-9477-E14CE038E474}.Debug|Any CPU.ActiveCfg = Debug|Any CPU
		{7EEA6FA0-8C67-4DDC-9477-E14CE038E474}.Debug|Any CPU.Build.0 = Debug|Any CPU
		{7EEA6FA0-8C67-4DDC-9477-E14CE038E474}.Release|Any CPU.ActiveCfg = Release|Any CPU
		{7EEA6FA0-8C67-4DDC-9477-E14CE038E474}.Release|Any CPU.Build.0 = Release|Any CPU
		{4F3DA5F8-0812-455E-BB94-C458EDFD907B}.Debug|Any CPU.ActiveCfg = Debug|Any CPU
		{4F3DA5F8-0812-455E-BB94-C458EDFD907B}.Debug|Any CPU.Build.0 = Debug|Any CPU
		{4F3DA5F8-0812-455E-BB94-C458EDFD907B}.Release|Any CPU.ActiveCfg = Release|Any CPU
		{4F3DA5F8-0812-455E-BB94-C458EDFD907B}.Release|Any CPU.Build.0 = Release|Any CPU
	EndGlobalSection
	GlobalSection(SolutionProperties) = preSolution
		HideSolutionNode = FALSE
	EndGlobalSection
	GlobalSection(NestedProjects) = preSolution
		{EF63646D-42C6-4A05-BC27-75299428D7D5} = {03BEFC72-3EF4-4D64-B7A3-D4E6C23BD507}
		{4748EB1D-C4D6-4011-B165-A8DC6393FD56} = {03BEFC72-3EF4-4D64-B7A3-D4E6C23BD507}
		{4602D8EA-4649-49D3-B940-F154BA7A87BC} = {9768B25F-A6C0-4045-9E72-B62F822AF862}
		{9768B25F-A6C0-4045-9E72-B62F822AF862} = {B42FA85C-66DD-4C55-AD24-DE3A9F1FCB1C}
		{9C5D6CB3-FD93-4CD3-8276-2F09D8F135DE} = {03BEFC72-3EF4-4D64-B7A3-D4E6C23BD507}
		{76C5AE80-F2C6-4E68-8733-7E26929A80A6} = {03BEFC72-3EF4-4D64-B7A3-D4E6C23BD507}
		{573ABDBE-2F3D-46AC-8FD1-F8F72DE43364} = {9768B25F-A6C0-4045-9E72-B62F822AF862}
		{08B7C921-7C60-4EA0-90AE-914FBC3F9873} = {9768B25F-A6C0-4045-9E72-B62F822AF862}
		{D8286249-32CB-46DA-9A7F-3A97CA16568B} = {9768B25F-A6C0-4045-9E72-B62F822AF862}
		{B61C699B-2AED-4FE3-ADC2-98CB8431B6AE} = {B42FA85C-66DD-4C55-AD24-DE3A9F1FCB1C}
		{7EEA6FA0-8C67-4DDC-9477-E14CE038E474} = {03BEFC72-3EF4-4D64-B7A3-D4E6C23BD507}
		{4F3DA5F8-0812-455E-BB94-C458EDFD907B} = {9768B25F-A6C0-4045-9E72-B62F822AF862}
	EndGlobalSection
	GlobalSection(ExtensibilityGlobals) = postSolution
		SolutionGuid = {798C6EDA-3865-46E7-9594-B3668F2CBD83}
	EndGlobalSection
EndGlobal
