
Microsoft Visual Studio Solution File, Format Version 12.00
# Visual Studio Version 17
VisualStudioVersion = 17.1.32407.343
MinimumVisualStudioVersion = 10.0.40219.1
Project("{9A19103F-16F7-4668-BE54-9A1E7A4F7556}") = "NetCommen", "NetCommen\NetCommen.csproj", "{CE8828DD-5CFE-4248-B83F-ED66A9C5E0C4}"
EndProject
Project("{9A19103F-16F7-4668-BE54-9A1E7A4F7556}") = "Client", "Client\Client.csproj", "{EF63646D-42C6-4A05-BC27-75299428D7D5}"
EndProject
Project("{9A19103F-16F7-4668-BE54-9A1E7A4F7556}") = "TestServer", "TestServer\TestServer.csproj", "{4748EB1D-C4D6-4011-B165-A8DC6393FD56}"
EndProject
Project("{2150E333-8FDC-42A3-9474-1A3956D46DE8}") = "Testing", "Testing", "{03BEFC72-3EF4-4D64-B7A3-D4E6C23BD507}"
EndProject
Project("{9A19103F-16F7-4668-BE54-9A1E7A4F7556}") = "TestCommon", "TestCommon\TestCommon.csproj", "{07164FC9-FE99-4B7D-BB9B-4905DE606636}"
EndProject
Project("{9A19103F-16F7-4668-BE54-9A1E7A4F7556}") = "MainServer", "MainServer\MainServer.csproj", "{BF0AE491-B2D9-4389-B6CB-E3D508E6E1A2}"
EndProject
Project("{9A19103F-16F7-4668-BE54-9A1E7A4F7556}") = "ServerCommon", "ServerCommon\ServerCommon.csproj", "{4602D8EA-4649-49D3-B940-F154BA7A87BC}"
EndProject
Project("{9A19103F-16F7-4668-BE54-9A1E7A4F7556}") = "ClientCommon", "ClientCommon\ClientCommon.csproj", "{C5C8773F-B218-4258-9CFC-10D8C119305F}"
EndProject
Project("{2150E333-8FDC-42A3-9474-1A3956D46DE8}") = "Servers", "Servers", "{B42FA85C-66DD-4C55-AD24-DE3A9F1FCB1C}"
EndProject
Project("{2150E333-8FDC-42A3-9474-1A3956D46DE8}") = "Common", "Common", "{9768B25F-A6C0-4045-9E72-B62F822AF862}"
EndProject
Global
	GlobalSection(SolutionConfigurationPlatforms) = preSolution
		Debug|Any CPU = Debug|Any CPU
		Release|Any CPU = Release|Any CPU
	EndGlobalSection
	GlobalSection(ProjectConfigurationPlatforms) = postSolution
		{CE8828DD-5CFE-4248-B83F-ED66A9C5E0C4}.Debug|Any CPU.ActiveCfg = Debug|Any CPU
		{CE8828DD-5CFE-4248-B83F-ED66A9C5E0C4}.Debug|Any CPU.Build.0 = Debug|Any CPU
		{CE8828DD-5CFE-4248-B83F-ED66A9C5E0C4}.Release|Any CPU.ActiveCfg = Release|Any CPU
		{CE8828DD-5CFE-4248-B83F-ED66A9C5E0C4}.Release|Any CPU.Build.0 = Release|Any CPU
		{EF63646D-42C6-4A05-BC27-75299428D7D5}.Debug|Any CPU.ActiveCfg = Debug|Any CPU
		{EF63646D-42C6-4A05-BC27-75299428D7D5}.Debug|Any CPU.Build.0 = Debug|Any CPU
		{EF63646D-42C6-4A05-BC27-75299428D7D5}.Release|Any CPU.ActiveCfg = Release|Any CPU
		{EF63646D-42C6-4A05-BC27-75299428D7D5}.Release|Any CPU.Build.0 = Release|Any CPU
		{4748EB1D-C4D6-4011-B165-A8DC6393FD56}.Debug|Any CPU.ActiveCfg = Debug|Any CPU
		{4748EB1D-C4D6-4011-B165-A8DC6393FD56}.Debug|Any CPU.Build.0 = Debug|Any CPU
		{4748EB1D-C4D6-4011-B165-A8DC6393FD56}.Release|Any CPU.ActiveCfg = Release|Any CPU
		{4748EB1D-C4D6-4011-B165-A8DC6393FD56}.Release|Any CPU.Build.0 = Release|Any CPU
		{07164FC9-FE99-4B7D-BB9B-4905DE606636}.Debug|Any CPU.ActiveCfg = Debug|Any CPU
		{07164FC9-FE99-4B7D-BB9B-4905DE606636}.Debug|Any CPU.Build.0 = Debug|Any CPU
		{07164FC9-FE99-4B7D-BB9B-4905DE606636}.Release|Any CPU.ActiveCfg = Release|Any CPU
		{07164FC9-FE99-4B7D-BB9B-4905DE606636}.Release|Any CPU.Build.0 = Release|Any CPU
		{BF0AE491-B2D9-4389-B6CB-E3D508E6E1A2}.Debug|Any CPU.ActiveCfg = Debug|Any CPU
		{BF0AE491-B2D9-4389-B6CB-E3D508E6E1A2}.Debug|Any CPU.Build.0 = Debug|Any CPU
		{BF0AE491-B2D9-4389-B6CB-E3D508E6E1A2}.Release|Any CPU.ActiveCfg = Release|Any CPU
		{BF0AE491-B2D9-4389-B6CB-E3D508E6E1A2}.Release|Any CPU.Build.0 = Release|Any CPU
		{4602D8EA-4649-49D3-B940-F154BA7A87BC}.Debug|Any CPU.ActiveCfg = Debug|Any CPU
		{4602D8EA-4649-49D3-B940-F154BA7A87BC}.Debug|Any CPU.Build.0 = Debug|Any CPU
		{4602D8EA-4649-49D3-B940-F154BA7A87BC}.Release|Any CPU.ActiveCfg = Release|Any CPU
		{4602D8EA-4649-49D3-B940-F154BA7A87BC}.Release|Any CPU.Build.0 = Release|Any CPU
		{C5C8773F-B218-4258-9CFC-10D8C119305F}.Debug|Any CPU.ActiveCfg = Debug|Any CPU
		{C5C8773F-B218-4258-9CFC-10D8C119305F}.Debug|Any CPU.Build.0 = Debug|Any CPU
		{C5C8773F-B218-4258-9CFC-10D8C119305F}.Release|Any CPU.ActiveCfg = Release|Any CPU
		{C5C8773F-B218-4258-9CFC-10D8C119305F}.Release|Any CPU.Build.0 = Release|Any CPU
	EndGlobalSection
	GlobalSection(SolutionProperties) = preSolution
		HideSolutionNode = FALSE
	EndGlobalSection
	GlobalSection(NestedProjects) = preSolution
		{CE8828DD-5CFE-4248-B83F-ED66A9C5E0C4} = {9768B25F-A6C0-4045-9E72-B62F822AF862}
		{EF63646D-42C6-4A05-BC27-75299428D7D5} = {03BEFC72-3EF4-4D64-B7A3-D4E6C23BD507}
		{4748EB1D-C4D6-4011-B165-A8DC6393FD56} = {03BEFC72-3EF4-4D64-B7A3-D4E6C23BD507}
		{07164FC9-FE99-4B7D-BB9B-4905DE606636} = {03BEFC72-3EF4-4D64-B7A3-D4E6C23BD507}
		{BF0AE491-B2D9-4389-B6CB-E3D508E6E1A2} = {B42FA85C-66DD-4C55-AD24-DE3A9F1FCB1C}
		{4602D8EA-4649-49D3-B940-F154BA7A87BC} = {9768B25F-A6C0-4045-9E72-B62F822AF862}
		{C5C8773F-B218-4258-9CFC-10D8C119305F} = {9768B25F-A6C0-4045-9E72-B62F822AF862}
		{9768B25F-A6C0-4045-9E72-B62F822AF862} = {B42FA85C-66DD-4C55-AD24-DE3A9F1FCB1C}
	EndGlobalSection
	GlobalSection(ExtensibilityGlobals) = postSolution
		SolutionGuid = {798C6EDA-3865-46E7-9594-B3668F2CBD83}
	EndGlobalSection
EndGlobal
